
Microsoft Visual Studio Solution File, Format Version 12.00
# Visual Studio Version 17
VisualStudioVersion = 17.6.33829.357
MinimumVisualStudioVersion = 10.0.40219.1
Project("{FAE04EC0-301F-11D3-BF4B-00C04F79EFBC}") = "EntityFramework", "EntityFramework\EntityFramework.csproj", "{ACC5DF6F-2907-42C4-A10D-AF86FAF30974}"
EndProject
Global
	GlobalSection(SolutionConfigurationPlatforms) = preSolution
		Debug|Any CPU = Debug|Any CPU
		Release|Any CPU = Release|Any CPU
	EndGlobalSection
	GlobalSection(ProjectConfigurationPlatforms) = postSolution
		{ACC5DF6F-2907-42C4-A10D-AF86FAF30974}.Debug|Any CPU.ActiveCfg = Debug|Any CPU
		{ACC5DF6F-2907-42C4-A10D-AF86FAF30974}.Debug|Any CPU.Build.0 = Debug|Any CPU
		{ACC5DF6F-2907-42C4-A10D-AF86FAF30974}.Release|Any CPU.ActiveCfg = Release|Any CPU
		{ACC5DF6F-2907-42C4-A10D-AF86FAF30974}.Release|Any CPU.Build.0 = Release|Any CPU
	EndGlobalSection
	GlobalSection(SolutionProperties) = preSolution
		HideSolutionNode = FALSE
	EndGlobalSection
	GlobalSection(ExtensibilityGlobals) = postSolution
		SolutionGuid = {650DD098-1AC5-4EC7-BDC2-0E9FF35514D3}
	EndGlobalSection
EndGlobal
